
Microsoft Visual Studio Solution File, Format Version 12.00
# Visual Studio 2013
VisualStudioVersion = 12.0.40629.0
MinimumVisualStudioVersion = 10.0.40219.1
Project("{FAE04EC0-301F-11D3-BF4B-00C04F79EFBC}") = "TrainingWebStore.Domain", "TrainingWebStore.Domain\TrainingWebStore.Domain.csproj", "{446DC6FC-4929-49CD-8B95-0B13D11EEC91}"
EndProject
Project("{2150E333-8FDC-42A3-9474-1A3956D46DE8}") = "3 - Domain", "3 - Domain", "{47CE9427-FCB4-4251-81DC-6DF9AE5AC92E}"
EndProject
Project("{2150E333-8FDC-42A3-9474-1A3956D46DE8}") = "5 - Tests", "5 - Tests", "{A78BE41E-0F5A-4606-BC05-B7EA4944FDF7}"
EndProject
Project("{FAE04EC0-301F-11D3-BF4B-00C04F79EFBC}") = "TrainingWebStore.Domain.Tests", "TrainingWebStore.Domain.Tests\TrainingWebStore.Domain.Tests.csproj", "{9F5ECB3D-5068-4D5C-8B5F-96260D4F5E80}"
EndProject
Project("{2150E333-8FDC-42A3-9474-1A3956D46DE8}") = "Solution Items", "Solution Items", "{E678EBA9-6193-4B3F-A59C-A6D08E6AE23F}"
	ProjectSection(SolutionItems) = preProject
		Path.txt = Path.txt
	EndProjectSection
EndProject
Project("{FAE04EC0-301F-11D3-BF4B-00C04F79EFBC}") = "TrainingWebStore.SharedKernel", "TrainingWebStore.SharedKernel\TrainingWebStore.SharedKernel.csproj", "{E5B29B81-40E0-4C08-AD4A-73F60576D624}"
EndProject
Project("{2150E333-8FDC-42A3-9474-1A3956D46DE8}") = "4 - Infrastructure", "4 - Infrastructure", "{C746A418-9194-4DCF-8791-819A8297B218}"
EndProject
Project("{FAE04EC0-301F-11D3-BF4B-00C04F79EFBC}") = "TrainingWebStore.Infrastructure", "TrainingWebStore.Infrastructure\TrainingWebStore.Infrastructure.csproj", "{91321778-DEE8-4C57-9863-061DD2B2D584}"
EndProject
Project("{2150E333-8FDC-42A3-9474-1A3956D46DE8}") = "2 - Application Service", "2 - Application Service", "{A54BA785-AAD1-41D1-8036-E734D318B97F}"
EndProject
Project("{FAE04EC0-301F-11D3-BF4B-00C04F79EFBC}") = "TrainingWebStore.ApplicationService", "TrainingWebStore.ApplicationService\TrainingWebStore.ApplicationService.csproj", "{EDB039F5-1D28-4450-ABF9-AB3FFDD35B2F}"
EndProject
Global
	GlobalSection(SolutionConfigurationPlatforms) = preSolution
		Debug|Any CPU = Debug|Any CPU
		Release|Any CPU = Release|Any CPU
	EndGlobalSection
	GlobalSection(ProjectConfigurationPlatforms) = postSolution
		{446DC6FC-4929-49CD-8B95-0B13D11EEC91}.Debug|Any CPU.ActiveCfg = Debug|Any CPU
		{446DC6FC-4929-49CD-8B95-0B13D11EEC91}.Debug|Any CPU.Build.0 = Debug|Any CPU
		{446DC6FC-4929-49CD-8B95-0B13D11EEC91}.Release|Any CPU.ActiveCfg = Release|Any CPU
		{446DC6FC-4929-49CD-8B95-0B13D11EEC91}.Release|Any CPU.Build.0 = Release|Any CPU
		{9F5ECB3D-5068-4D5C-8B5F-96260D4F5E80}.Debug|Any CPU.ActiveCfg = Debug|Any CPU
		{9F5ECB3D-5068-4D5C-8B5F-96260D4F5E80}.Debug|Any CPU.Build.0 = Debug|Any CPU
		{9F5ECB3D-5068-4D5C-8B5F-96260D4F5E80}.Release|Any CPU.ActiveCfg = Release|Any CPU
		{9F5ECB3D-5068-4D5C-8B5F-96260D4F5E80}.Release|Any CPU.Build.0 = Release|Any CPU
		{E5B29B81-40E0-4C08-AD4A-73F60576D624}.Debug|Any CPU.ActiveCfg = Debug|Any CPU
		{E5B29B81-40E0-4C08-AD4A-73F60576D624}.Debug|Any CPU.Build.0 = Debug|Any CPU
		{E5B29B81-40E0-4C08-AD4A-73F60576D624}.Release|Any CPU.ActiveCfg = Release|Any CPU
		{E5B29B81-40E0-4C08-AD4A-73F60576D624}.Release|Any CPU.Build.0 = Release|Any CPU
		{91321778-DEE8-4C57-9863-061DD2B2D584}.Debug|Any CPU.ActiveCfg = Debug|Any CPU
		{91321778-DEE8-4C57-9863-061DD2B2D584}.Debug|Any CPU.Build.0 = Debug|Any CPU
		{91321778-DEE8-4C57-9863-061DD2B2D584}.Release|Any CPU.ActiveCfg = Release|Any CPU
		{91321778-DEE8-4C57-9863-061DD2B2D584}.Release|Any CPU.Build.0 = Release|Any CPU
		{EDB039F5-1D28-4450-ABF9-AB3FFDD35B2F}.Debug|Any CPU.ActiveCfg = Debug|Any CPU
		{EDB039F5-1D28-4450-ABF9-AB3FFDD35B2F}.Debug|Any CPU.Build.0 = Debug|Any CPU
		{EDB039F5-1D28-4450-ABF9-AB3FFDD35B2F}.Release|Any CPU.ActiveCfg = Release|Any CPU
		{EDB039F5-1D28-4450-ABF9-AB3FFDD35B2F}.Release|Any CPU.Build.0 = Release|Any CPU
	EndGlobalSection
	GlobalSection(SolutionProperties) = preSolution
		HideSolutionNode = FALSE
	EndGlobalSection
	GlobalSection(NestedProjects) = preSolution
		{446DC6FC-4929-49CD-8B95-0B13D11EEC91} = {47CE9427-FCB4-4251-81DC-6DF9AE5AC92E}
		{9F5ECB3D-5068-4D5C-8B5F-96260D4F5E80} = {A78BE41E-0F5A-4606-BC05-B7EA4944FDF7}
		{E5B29B81-40E0-4C08-AD4A-73F60576D624} = {47CE9427-FCB4-4251-81DC-6DF9AE5AC92E}
		{91321778-DEE8-4C57-9863-061DD2B2D584} = {C746A418-9194-4DCF-8791-819A8297B218}
		{EDB039F5-1D28-4450-ABF9-AB3FFDD35B2F} = {A54BA785-AAD1-41D1-8036-E734D318B97F}
	EndGlobalSection
EndGlobal
